
Microsoft Visual Studio Solution File, Format Version 12.00
# Visual Studio Version 17
VisualStudioVersion = 17.14.36623.8
MinimumVisualStudioVersion = 10.0.40219.1
Project("{FAE04EC0-301F-11D3-BF4B-00C04F79EFBC}") = "Currency.Exchange.Service", "src\Currency.Exchange.Service\Currency.Exchange.Service\Currency.Exchange.Service.csproj", "{601E0B85-67B1-4049-A9B9-1C42A09A11F9}"
EndProject
Project("{FAE04EC0-301F-11D3-BF4B-00C04F79EFBC}") = "Currency.Exchange.Service.Tests", "tests\Currency.Exchange.Service.Tests\Currency.Exchange.Service.Tests.csproj", "{585A1A02-1FDF-4750-B5C4-7172AC073F6F}"
EndProject
Project("{FAE04EC0-301F-11D3-BF4B-00C04F79EFBC}") = "Trade.Ingestion.API", "src\Trade.Ingestion.API\Trade.Ingestion.API.csproj", "{2F3E53B9-88EF-49F7-8B61-01C9FAEACDA9}"
EndProject
Global
	GlobalSection(SolutionConfigurationPlatforms) = preSolution
		Debug|Any CPU = Debug|Any CPU
		Release|Any CPU = Release|Any CPU
	EndGlobalSection
	GlobalSection(ProjectConfigurationPlatforms) = postSolution
		{601E0B85-67B1-4049-A9B9-1C42A09A11F9}.Debug|Any CPU.ActiveCfg = Debug|Any CPU
		{601E0B85-67B1-4049-A9B9-1C42A09A11F9}.Debug|Any CPU.Build.0 = Debug|Any CPU
		{601E0B85-67B1-4049-A9B9-1C42A09A11F9}.Release|Any CPU.ActiveCfg = Release|Any CPU
		{601E0B85-67B1-4049-A9B9-1C42A09A11F9}.Release|Any CPU.Build.0 = Release|Any CPU
		{585A1A02-1FDF-4750-B5C4-7172AC073F6F}.Debug|Any CPU.ActiveCfg = Debug|Any CPU
		{585A1A02-1FDF-4750-B5C4-7172AC073F6F}.Debug|Any CPU.Build.0 = Debug|Any CPU
		{585A1A02-1FDF-4750-B5C4-7172AC073F6F}.Release|Any CPU.ActiveCfg = Release|Any CPU
		{585A1A02-1FDF-4750-B5C4-7172AC073F6F}.Release|Any CPU.Build.0 = Release|Any CPU
		{2F3E53B9-88EF-49F7-8B61-01C9FAEACDA9}.Debug|Any CPU.ActiveCfg = Debug|Any CPU
		{2F3E53B9-88EF-49F7-8B61-01C9FAEACDA9}.Debug|Any CPU.Build.0 = Debug|Any CPU
		{2F3E53B9-88EF-49F7-8B61-01C9FAEACDA9}.Release|Any CPU.ActiveCfg = Release|Any CPU
		{2F3E53B9-88EF-49F7-8B61-01C9FAEACDA9}.Release|Any CPU.Build.0 = Release|Any CPU
	EndGlobalSection
	GlobalSection(SolutionProperties) = preSolution
		HideSolutionNode = FALSE
	EndGlobalSection
	GlobalSection(ExtensibilityGlobals) = postSolution
		SolutionGuid = {837D79F9-5759-4857-933C-178A2E22B4B6}
	EndGlobalSection
EndGlobal
